// !$*UTF8*$!
{
	archiveVersion = 1;
	classes = {
	};
	objectVersion = 48;
	objects = {

/* Begin PBXBuildFile section */
		222A0A3E208AC01F00853376 /* Language.swift in Sources */ = {isa = PBXBuildFile; fileRef = 222A0A3D208AC01F00853376 /* Language.swift */; };
		222A0A50208C4F6B00853376 /* Matches.json in Resources */ = {isa = PBXBuildFile; fileRef = 222A0A4F208C4F6B00853376 /* Matches.json */; };
		222A0A52208DFF5A00853376 /* Meeting.swift in Sources */ = {isa = PBXBuildFile; fileRef = 222A0A51208DFF5A00853376 /* Meeting.swift */; };
		222A0A54208E0EE500853376 /* Meetings.json in Resources */ = {isa = PBXBuildFile; fileRef = 222A0A53208E0EE500853376 /* Meetings.json */; };
		222A0A56208E10B000853376 /* MeetingViewController.swift in Sources */ = {isa = PBXBuildFile; fileRef = 222A0A55208E10B000853376 /* MeetingViewController.swift */; };
		222A0A58208F6DB100853376 /* OppoTeamTableViewController.swift in Sources */ = {isa = PBXBuildFile; fileRef = 222A0A57208F6DB100853376 /* OppoTeamTableViewController.swift */; };
		222A0A5A208F708800853376 /* OppoTeam.swift in Sources */ = {isa = PBXBuildFile; fileRef = 222A0A59208F708800853376 /* OppoTeam.swift */; };
		222A0A5C2095F7E300853376 /* OppoTeam.json in Resources */ = {isa = PBXBuildFile; fileRef = 222A0A5B2095F7E300853376 /* OppoTeam.json */; };
		223380D12063F9A900437BB1 /* Player.swift in Sources */ = {isa = PBXBuildFile; fileRef = 223380D02063F9A900437BB1 /* Player.swift */; };
		223380D320674CBB00437BB1 /* PlayerDetialViewController.swift in Sources */ = {isa = PBXBuildFile; fileRef = 223380D220674CBB00437BB1 /* PlayerDetialViewController.swift */; };
		22798912207F97EE00807BB7 /* Trait.swift in Sources */ = {isa = PBXBuildFile; fileRef = 22798911207F97EE00807BB7 /* Trait.swift */; };
		2279891520821DB900807BB7 /* TraitTableViewController.swift in Sources */ = {isa = PBXBuildFile; fileRef = 2279891420821DB900807BB7 /* TraitTableViewController.swift */; };
		227989322082EFAE00807BB7 /* Traits.json in Resources */ = {isa = PBXBuildFile; fileRef = 22798913207F9A7B00807BB7 /* Traits.json */; };
		227989342082F57100807BB7 /* TraitOrder.swift in Sources */ = {isa = PBXBuildFile; fileRef = 227989332082F57100807BB7 /* TraitOrder.swift */; };
		227989362083041000807BB7 /* PlayerTableViewCell.swift in Sources */ = {isa = PBXBuildFile; fileRef = 227989352083041000807BB7 /* PlayerTableViewCell.swift */; };
		2279893920847AE300807BB7 /* PlayerTableViewCellDelegate.swift in Sources */ = {isa = PBXBuildFile; fileRef = 2279893820847AE300807BB7 /* PlayerTableViewCellDelegate.swift */; };
		2279893B2084813F00807BB7 /* TraitSetTableViewController.swift in Sources */ = {isa = PBXBuildFile; fileRef = 2279893A2084813F00807BB7 /* TraitSetTableViewController.swift */; };
		228985CA205E897600F3B722 /* AppDelegate.swift in Sources */ = {isa = PBXBuildFile; fileRef = 228985C9205E897600F3B722 /* AppDelegate.swift */; };
		228985CC205E897600F3B722 /* ViewController.swift in Sources */ = {isa = PBXBuildFile; fileRef = 228985CB205E897600F3B722 /* ViewController.swift */; };
		228985CF205E897600F3B722 /* Main.storyboard in Resources */ = {isa = PBXBuildFile; fileRef = 228985CD205E897600F3B722 /* Main.storyboard */; };
		228985D1205E897600F3B722 /* Assets.xcassets in Resources */ = {isa = PBXBuildFile; fileRef = 228985D0205E897600F3B722 /* Assets.xcassets */; };
		228985D4205E897600F3B722 /* LaunchScreen.storyboard in Resources */ = {isa = PBXBuildFile; fileRef = 228985D2205E897600F3B722 /* LaunchScreen.storyboard */; };
		228985DC205E923E00F3B722 /* DefaultKey.swift in Sources */ = {isa = PBXBuildFile; fileRef = 228985DB205E923E00F3B722 /* DefaultKey.swift */; };
		228985DF205E956D00F3B722 /* MatchTableViewController.swift in Sources */ = {isa = PBXBuildFile; fileRef = 228985DE205E956D00F3B722 /* MatchTableViewController.swift */; };
		228985E7205E9BC700F3B722 /* Tournament.swift in Sources */ = {isa = PBXBuildFile; fileRef = 228985E6205E9BC700F3B722 /* Tournament.swift */; };
		228985E9205E9C5400F3B722 /* Match.swift in Sources */ = {isa = PBXBuildFile; fileRef = 228985E8205E9C5400F3B722 /* Match.swift */; };
		228985EA206000D000F3B722 /* Tournaments.json in Resources */ = {isa = PBXBuildFile; fileRef = 228985E4205E99E400F3B722 /* Tournaments.json */; };
		228985ED20622EAA00F3B722 /* PlayerBase.swift in Sources */ = {isa = PBXBuildFile; fileRef = 228985EC20622EAA00F3B722 /* PlayerBase.swift */; };
		228985F32062421C00F3B722 /* RealmSwift.framework in Frameworks */ = {isa = PBXBuildFile; fileRef = 228985F12062421C00F3B722 /* RealmSwift.framework */; };
		228985F42062421C00F3B722 /* Realm.framework in Frameworks */ = {isa = PBXBuildFile; fileRef = 228985F22062421C00F3B722 /* Realm.framework */; };
		228985F72062456300F3B722 /* PlayerTableViewController.swift in Sources */ = {isa = PBXBuildFile; fileRef = 228985F62062456300F3B722 /* PlayerTableViewController.swift */; };
		228985FB206251B300F3B722 /* JsonHelper.swift in Sources */ = {isa = PBXBuildFile; fileRef = 228985FA206251B300F3B722 /* JsonHelper.swift */; };
		22D85401206F58280022F2BF /* PlayerBase.json in Resources */ = {isa = PBXBuildFile; fileRef = 22D85400206F58280022F2BF /* PlayerBase.json */; };
		22D85409207647A10022F2BF /* Localizable.strings in Resources */ = {isa = PBXBuildFile; fileRef = 22D8540B207647A10022F2BF /* Localizable.strings */; };
		22D85411207649EA0022F2BF /* InfoPlist.strings in Resources */ = {isa = PBXBuildFile; fileRef = 22D85413207649EA0022F2BF /* InfoPlist.strings */; };
/* End PBXBuildFile section */

/* Begin PBXFileReference section */
		222A0A3D208AC01F00853376 /* Language.swift */ = {isa = PBXFileReference; lastKnownFileType = sourcecode.swift; path = Language.swift; sourceTree = "<group>"; };
		222A0A4F208C4F6B00853376 /* Matches.json */ = {isa = PBXFileReference; lastKnownFileType = text.json; path = Matches.json; sourceTree = "<group>"; };
		222A0A51208DFF5A00853376 /* Meeting.swift */ = {isa = PBXFileReference; lastKnownFileType = sourcecode.swift; path = Meeting.swift; sourceTree = "<group>"; };
		222A0A53208E0EE500853376 /* Meetings.json */ = {isa = PBXFileReference; lastKnownFileType = text.json; path = Meetings.json; sourceTree = "<group>"; };
		222A0A55208E10B000853376 /* MeetingViewController.swift */ = {isa = PBXFileReference; lastKnownFileType = sourcecode.swift; path = MeetingViewController.swift; sourceTree = "<group>"; };
		222A0A57208F6DB100853376 /* OppoTeamTableViewController.swift */ = {isa = PBXFileReference; lastKnownFileType = sourcecode.swift; path = OppoTeamTableViewController.swift; sourceTree = "<group>"; };
		222A0A59208F708800853376 /* OppoTeam.swift */ = {isa = PBXFileReference; lastKnownFileType = sourcecode.swift; path = OppoTeam.swift; sourceTree = "<group>"; };
		222A0A5B2095F7E300853376 /* OppoTeam.json */ = {isa = PBXFileReference; lastKnownFileType = text.json; path = OppoTeam.json; sourceTree = "<group>"; };
		223380D02063F9A900437BB1 /* Player.swift */ = {isa = PBXFileReference; lastKnownFileType = sourcecode.swift; path = Player.swift; sourceTree = "<group>"; };
		223380D220674CBB00437BB1 /* PlayerDetialViewController.swift */ = {isa = PBXFileReference; lastKnownFileType = sourcecode.swift; path = PlayerDetialViewController.swift; sourceTree = "<group>"; };
		2279890F207E259400807BB7 /* en */ = {isa = PBXFileReference; lastKnownFileType = text.plist.strings; name = en; path = en.lproj/Localizable.strings; sourceTree = "<group>"; };
		22798910207E259700807BB7 /* en */ = {isa = PBXFileReference; lastKnownFileType = text.plist.strings; name = en; path = en.lproj/InfoPlist.strings; sourceTree = "<group>"; };
		22798911207F97EE00807BB7 /* Trait.swift */ = {isa = PBXFileReference; lastKnownFileType = sourcecode.swift; path = Trait.swift; sourceTree = "<group>"; };
		22798913207F9A7B00807BB7 /* Traits.json */ = {isa = PBXFileReference; lastKnownFileType = text.json; path = Traits.json; sourceTree = "<group>"; };
		2279891420821DB900807BB7 /* TraitTableViewController.swift */ = {isa = PBXFileReference; lastKnownFileType = sourcecode.swift; path = TraitTableViewController.swift; sourceTree = "<group>"; };
		227989332082F57100807BB7 /* TraitOrder.swift */ = {isa = PBXFileReference; lastKnownFileType = sourcecode.swift; path = TraitOrder.swift; sourceTree = "<group>"; };
		227989352083041000807BB7 /* PlayerTableViewCell.swift */ = {isa = PBXFileReference; lastKnownFileType = sourcecode.swift; path = PlayerTableViewCell.swift; sourceTree = "<group>"; };
		2279893820847AE300807BB7 /* PlayerTableViewCellDelegate.swift */ = {isa = PBXFileReference; lastKnownFileType = sourcecode.swift; path = PlayerTableViewCellDelegate.swift; sourceTree = "<group>"; };
		2279893A2084813F00807BB7 /* TraitSetTableViewController.swift */ = {isa = PBXFileReference; lastKnownFileType = sourcecode.swift; path = TraitSetTableViewController.swift; sourceTree = "<group>"; };
		228985C6205E897600F3B722 /* Basketball.app */ = {isa = PBXFileReference; explicitFileType = wrapper.application; includeInIndex = 0; path = Basketball.app; sourceTree = BUILT_PRODUCTS_DIR; };
		228985C9205E897600F3B722 /* AppDelegate.swift */ = {isa = PBXFileReference; lastKnownFileType = sourcecode.swift; path = AppDelegate.swift; sourceTree = "<group>"; };
		228985CB205E897600F3B722 /* ViewController.swift */ = {isa = PBXFileReference; lastKnownFileType = sourcecode.swift; path = ViewController.swift; sourceTree = "<group>"; };
		228985CE205E897600F3B722 /* Base */ = {isa = PBXFileReference; lastKnownFileType = file.storyboard; name = Base; path = Base.lproj/Main.storyboard; sourceTree = "<group>"; };
		228985D0205E897600F3B722 /* Assets.xcassets */ = {isa = PBXFileReference; lastKnownFileType = folder.assetcatalog; path = Assets.xcassets; sourceTree = "<group>"; };
		228985D3205E897600F3B722 /* Base */ = {isa = PBXFileReference; lastKnownFileType = file.storyboard; name = Base; path = Base.lproj/LaunchScreen.storyboard; sourceTree = "<group>"; };
		228985D5205E897600F3B722 /* Info.plist */ = {isa = PBXFileReference; lastKnownFileType = text.plist.xml; path = Info.plist; sourceTree = "<group>"; };
		228985DB205E923E00F3B722 /* DefaultKey.swift */ = {isa = PBXFileReference; lastKnownFileType = sourcecode.swift; path = DefaultKey.swift; sourceTree = "<group>"; };
		228985DE205E956D00F3B722 /* MatchTableViewController.swift */ = {isa = PBXFileReference; lastKnownFileType = sourcecode.swift; path = MatchTableViewController.swift; sourceTree = "<group>"; };
		228985E4205E99E400F3B722 /* Tournaments.json */ = {isa = PBXFileReference; lastKnownFileType = text.json; path = Tournaments.json; sourceTree = "<group>"; };
		228985E6205E9BC700F3B722 /* Tournament.swift */ = {isa = PBXFileReference; lastKnownFileType = sourcecode.swift; path = Tournament.swift; sourceTree = "<group>"; };
		228985E8205E9C5400F3B722 /* Match.swift */ = {isa = PBXFileReference; lastKnownFileType = sourcecode.swift; path = Match.swift; sourceTree = "<group>"; };
		228985EC20622EAA00F3B722 /* PlayerBase.swift */ = {isa = PBXFileReference; lastKnownFileType = sourcecode.swift; path = PlayerBase.swift; sourceTree = "<group>"; };
		228985F12062421C00F3B722 /* RealmSwift.framework */ = {isa = PBXFileReference; lastKnownFileType = wrapper.framework; name = RealmSwift.framework; path = Carthage/Build/iOS/RealmSwift.framework; sourceTree = "<group>"; };
		228985F22062421C00F3B722 /* Realm.framework */ = {isa = PBXFileReference; lastKnownFileType = wrapper.framework; name = Realm.framework; path = Carthage/Build/iOS/Realm.framework; sourceTree = "<group>"; };
		228985F62062456300F3B722 /* PlayerTableViewController.swift */ = {isa = PBXFileReference; lastKnownFileType = sourcecode.swift; path = PlayerTableViewController.swift; sourceTree = "<group>"; };
		228985FA206251B300F3B722 /* JsonHelper.swift */ = {isa = PBXFileReference; lastKnownFileType = sourcecode.swift; path = JsonHelper.swift; sourceTree = "<group>"; };
		22D85400206F58280022F2BF /* PlayerBase.json */ = {isa = PBXFileReference; lastKnownFileType = text.json; path = PlayerBase.json; sourceTree = "<group>"; };
		22D8540220763FF00022F2BF /* zh-Hans */ = {isa = PBXFileReference; lastKnownFileType = text.plist.strings; name = "zh-Hans"; path = "zh-Hans.lproj/Main.strings"; sourceTree = "<group>"; };
		22D8540320763FF00022F2BF /* zh-Hans */ = {isa = PBXFileReference; lastKnownFileType = text.plist.strings; name = "zh-Hans"; path = "zh-Hans.lproj/LaunchScreen.strings"; sourceTree = "<group>"; };
		22D8540420763FF90022F2BF /* ja */ = {isa = PBXFileReference; lastKnownFileType = text.plist.strings; name = ja; path = ja.lproj/Main.strings; sourceTree = "<group>"; };
		22D8540520763FFA0022F2BF /* ja */ = {isa = PBXFileReference; lastKnownFileType = text.plist.strings; name = ja; path = ja.lproj/LaunchScreen.strings; sourceTree = "<group>"; };
		22D8540C207647A40022F2BF /* zh-Hans */ = {isa = PBXFileReference; lastKnownFileType = text.plist.strings; name = "zh-Hans"; path = "zh-Hans.lproj/Localizable.strings"; sourceTree = "<group>"; };
		22D8540D207647A60022F2BF /* ja */ = {isa = PBXFileReference; lastKnownFileType = text.plist.strings; name = ja; path = ja.lproj/Localizable.strings; sourceTree = "<group>"; };
		22D85412207649EA0022F2BF /* zh-Hans */ = {isa = PBXFileReference; lastKnownFileType = text.plist.strings; name = "zh-Hans"; path = "zh-Hans.lproj/InfoPlist.strings"; sourceTree = "<group>"; };
		22D85414207649EE0022F2BF /* ja */ = {isa = PBXFileReference; lastKnownFileType = text.plist.strings; name = ja; path = ja.lproj/InfoPlist.strings; sourceTree = "<group>"; };
/* End PBXFileReference section */

/* Begin PBXFrameworksBuildPhase section */
		228985C3205E897600F3B722 /* Frameworks */ = {
			isa = PBXFrameworksBuildPhase;
			buildActionMask = 2147483647;
			files = (
				228985F32062421C00F3B722 /* RealmSwift.framework in Frameworks */,
				228985F42062421C00F3B722 /* Realm.framework in Frameworks */,
			);
			runOnlyForDeploymentPostprocessing = 0;
		};
/* End PBXFrameworksBuildPhase section */

/* Begin PBXGroup section */
		2279893720847AC600807BB7 /* Delegates */ = {
			isa = PBXGroup;
			children = (
				228985C9205E897600F3B722 /* AppDelegate.swift */,
				2279893820847AE300807BB7 /* PlayerTableViewCellDelegate.swift */,
			);
			path = Delegates;
			sourceTree = "<group>";
		};
		228985BD205E897600F3B722 = {
			isa = PBXGroup;
			children = (
				228985C8205E897600F3B722 /* Basketball */,
				228985C7205E897600F3B722 /* Products */,
				228985F02062421B00F3B722 /* Frameworks */,
			);
			sourceTree = "<group>";
		};
		228985C7205E897600F3B722 /* Products */ = {
			isa = PBXGroup;
			children = (
				228985C6205E897600F3B722 /* Basketball.app */,
			);
			name = Products;
			sourceTree = "<group>";
		};
		228985C8205E897600F3B722 /* Basketball */ = {
			isa = PBXGroup;
			children = (
				2279893720847AC600807BB7 /* Delegates */,
				22D854062076474D0022F2BF /* Strings */,
				228985E2205E979F00F3B722 /* Resources */,
				228985E1205E979A00F3B722 /* Models */,
				228985DD205E955100F3B722 /* Controllers */,
				228985CD205E897600F3B722 /* Main.storyboard */,
				228985D0205E897600F3B722 /* Assets.xcassets */,
				228985D2205E897600F3B722 /* LaunchScreen.storyboard */,
				228985D5205E897600F3B722 /* Info.plist */,
				228985DB205E923E00F3B722 /* DefaultKey.swift */,
				228985FA206251B300F3B722 /* JsonHelper.swift */,
			);
			path = Basketball;
			sourceTree = "<group>";
		};
		228985DD205E955100F3B722 /* Controllers */ = {
			isa = PBXGroup;
			children = (
				228985CB205E897600F3B722 /* ViewController.swift */,
				228985F62062456300F3B722 /* PlayerTableViewController.swift */,
				227989352083041000807BB7 /* PlayerTableViewCell.swift */,
				223380D220674CBB00437BB1 /* PlayerDetialViewController.swift */,
				2279891420821DB900807BB7 /* TraitTableViewController.swift */,
				2279893A2084813F00807BB7 /* TraitSetTableViewController.swift */,
				228985DE205E956D00F3B722 /* MatchTableViewController.swift */,
				222A0A55208E10B000853376 /* MeetingViewController.swift */,
				222A0A57208F6DB100853376 /* OppoTeamTableViewController.swift */,
			);
			path = Controllers;
			sourceTree = "<group>";
		};
		228985E1205E979A00F3B722 /* Models */ = {
			isa = PBXGroup;
			children = (
				228985E6205E9BC700F3B722 /* Tournament.swift */,
				228985E8205E9C5400F3B722 /* Match.swift */,
				228985EC20622EAA00F3B722 /* PlayerBase.swift */,
				223380D02063F9A900437BB1 /* Player.swift */,
				22798911207F97EE00807BB7 /* Trait.swift */,
				227989332082F57100807BB7 /* TraitOrder.swift */,
				222A0A3D208AC01F00853376 /* Language.swift */,
				222A0A51208DFF5A00853376 /* Meeting.swift */,
				222A0A59208F708800853376 /* OppoTeam.swift */,
			);
			path = Models;
			sourceTree = "<group>";
		};
		228985E2205E979F00F3B722 /* Resources */ = {
			isa = PBXGroup;
			children = (
				228985E4205E99E400F3B722 /* Tournaments.json */,
				22D85400206F58280022F2BF /* PlayerBase.json */,
				22798913207F9A7B00807BB7 /* Traits.json */,
				222A0A4F208C4F6B00853376 /* Matches.json */,
				222A0A53208E0EE500853376 /* Meetings.json */,
				222A0A5B2095F7E300853376 /* OppoTeam.json */,
			);
			path = Resources;
			sourceTree = "<group>";
		};
		228985F02062421B00F3B722 /* Frameworks */ = {
			isa = PBXGroup;
			children = (
				228985F22062421C00F3B722 /* Realm.framework */,
				228985F12062421C00F3B722 /* RealmSwift.framework */,
			);
			name = Frameworks;
			sourceTree = "<group>";
		};
		22D854062076474D0022F2BF /* Strings */ = {
			isa = PBXGroup;
			children = (
				22D8540B207647A10022F2BF /* Localizable.strings */,
				22D85413207649EA0022F2BF /* InfoPlist.strings */,
			);
			path = Strings;
			sourceTree = "<group>";
		};
/* End PBXGroup section */

/* Begin PBXNativeTarget section */
		228985C5205E897600F3B722 /* Basketball */ = {
			isa = PBXNativeTarget;
			buildConfigurationList = 228985D8205E897600F3B722 /* Build configuration list for PBXNativeTarget "Basketball" */;
			buildPhases = (
				228985C2205E897600F3B722 /* Sources */,
				228985C3205E897600F3B722 /* Frameworks */,
				228985C4205E897600F3B722 /* Resources */,
				228985F5206242B000F3B722 /* ShellScript */,
			);
			buildRules = (
			);
			dependencies = (
			);
			name = Basketball;
			productName = Basketball;
			productReference = 228985C6205E897600F3B722 /* Basketball.app */;
			productType = "com.apple.product-type.application";
		};
/* End PBXNativeTarget section */

/* Begin PBXProject section */
		228985BE205E897600F3B722 /* Project object */ = {
			isa = PBXProject;
			attributes = {
				LastSwiftUpdateCheck = 0930;
				LastUpgradeCheck = 0930;
				ORGANIZATIONNAME = "Ma Xueyuan";
				TargetAttributes = {
					228985C5205E897600F3B722 = {
						CreatedOnToolsVersion = 9.2;
						ProvisioningStyle = Automatic;
					};
				};
			};
			buildConfigurationList = 228985C1205E897600F3B722 /* Build configuration list for PBXProject "Basketball" */;
			compatibilityVersion = "Xcode 8.0";
			developmentRegion = en;
			hasScannedForEncodings = 0;
			knownRegions = (
				en,
				Base,
				"zh-Hans",
				ja,
			);
			mainGroup = 228985BD205E897600F3B722;
			productRefGroup = 228985C7205E897600F3B722 /* Products */;
			projectDirPath = "";
			projectRoot = "";
			targets = (
				228985C5205E897600F3B722 /* Basketball */,
			);
		};
/* End PBXProject section */

/* Begin PBXResourcesBuildPhase section */
		228985C4205E897600F3B722 /* Resources */ = {
			isa = PBXResourcesBuildPhase;
			buildActionMask = 2147483647;
			files = (
				222A0A50208C4F6B00853376 /* Matches.json in Resources */,
				228985EA206000D000F3B722 /* Tournaments.json in Resources */,
				22D85411207649EA0022F2BF /* InfoPlist.strings in Resources */,
				222A0A5C2095F7E300853376 /* OppoTeam.json in Resources */,
				227989322082EFAE00807BB7 /* Traits.json in Resources */,
				22D85409207647A10022F2BF /* Localizable.strings in Resources */,
				228985D4205E897600F3B722 /* LaunchScreen.storyboard in Resources */,
				22D85401206F58280022F2BF /* PlayerBase.json in Resources */,
				222A0A54208E0EE500853376 /* Meetings.json in Resources */,
				228985D1205E897600F3B722 /* Assets.xcassets in Resources */,
				228985CF205E897600F3B722 /* Main.storyboard in Resources */,
			);
			runOnlyForDeploymentPostprocessing = 0;
		};
/* End PBXResourcesBuildPhase section */

/* Begin PBXShellScriptBuildPhase section */
		228985F5206242B000F3B722 /* ShellScript */ = {
			isa = PBXShellScriptBuildPhase;
			buildActionMask = 2147483647;
			files = (
			);
			inputPaths = (
				"$(SRCROOT)/Carthage/Build/iOS/Realm.framework",
				"$(SRCROOT)/Carthage/Build/iOS/RealmSwift.framework",
			);
			outputPaths = (
				"$(BUILT_PRODUCTS_DIR)/$(FRAMEWORKS_FOLDER_PATH)/Realm.framework",
				"$(BUILT_PRODUCTS_DIR)/$(FRAMEWORKS_FOLDER_PATH)/RealmSwift.framework",
			);
			runOnlyForDeploymentPostprocessing = 0;
			shellPath = /bin/sh;
			shellScript = "/usr/local/bin/carthage copy-frameworks";
		};
/* End PBXShellScriptBuildPhase section */

/* Begin PBXSourcesBuildPhase section */
		228985C2205E897600F3B722 /* Sources */ = {
			isa = PBXSourcesBuildPhase;
			buildActionMask = 2147483647;
			files = (
				222A0A5A208F708800853376 /* OppoTeam.swift in Sources */,
				222A0A58208F6DB100853376 /* OppoTeamTableViewController.swift in Sources */,
				228985DC205E923E00F3B722 /* DefaultKey.swift in Sources */,
				228985DF205E956D00F3B722 /* MatchTableViewController.swift in Sources */,
				228985E7205E9BC700F3B722 /* Tournament.swift in Sources */,
				222A0A3E208AC01F00853376 /* Language.swift in Sources */,
				228985CC205E897600F3B722 /* ViewController.swift in Sources */,
				228985ED20622EAA00F3B722 /* PlayerBase.swift in Sources */,
				2279893B2084813F00807BB7 /* TraitSetTableViewController.swift in Sources */,
				2279893920847AE300807BB7 /* PlayerTableViewCellDelegate.swift in Sources */,
				228985CA205E897600F3B722 /* AppDelegate.swift in Sources */,
				228985F72062456300F3B722 /* PlayerTableViewController.swift in Sources */,
				223380D320674CBB00437BB1 /* PlayerDetialViewController.swift in Sources */,
				2279891520821DB900807BB7 /* TraitTableViewController.swift in Sources */,
				227989342082F57100807BB7 /* TraitOrder.swift in Sources */,
				228985E9205E9C5400F3B722 /* Match.swift in Sources */,
				223380D12063F9A900437BB1 /* Player.swift in Sources */,
				227989362083041000807BB7 /* PlayerTableViewCell.swift in Sources */,
				22798912207F97EE00807BB7 /* Trait.swift in Sources */,
				222A0A52208DFF5A00853376 /* Meeting.swift in Sources */,
				222A0A56208E10B000853376 /* MeetingViewController.swift in Sources */,
				228985FB206251B300F3B722 /* JsonHelper.swift in Sources */,
			);
			runOnlyForDeploymentPostprocessing = 0;
		};
/* End PBXSourcesBuildPhase section */

/* Begin PBXVariantGroup section */
		228985CD205E897600F3B722 /* Main.storyboard */ = {
			isa = PBXVariantGroup;
			children = (
				228985CE205E897600F3B722 /* Base */,
				22D8540220763FF00022F2BF /* zh-Hans */,
				22D8540420763FF90022F2BF /* ja */,
			);
			name = Main.storyboard;
			sourceTree = "<group>";
		};
		228985D2205E897600F3B722 /* LaunchScreen.storyboard */ = {
			isa = PBXVariantGroup;
			children = (
				228985D3205E897600F3B722 /* Base */,
				22D8540320763FF00022F2BF /* zh-Hans */,
				22D8540520763FFA0022F2BF /* ja */,
			);
			name = LaunchScreen.storyboard;
			sourceTree = "<group>";
		};
		22D8540B207647A10022F2BF /* Localizable.strings */ = {
			isa = PBXVariantGroup;
			children = (
				22D8540C207647A40022F2BF /* zh-Hans */,
				22D8540D207647A60022F2BF /* ja */,
				2279890F207E259400807BB7 /* en */,
			);
			name = Localizable.strings;
			sourceTree = "<group>";
		};
		22D85413207649EA0022F2BF /* InfoPlist.strings */ = {
			isa = PBXVariantGroup;
			children = (
				22D85412207649EA0022F2BF /* zh-Hans */,
				22D85414207649EE0022F2BF /* ja */,
				22798910207E259700807BB7 /* en */,
			);
			name = InfoPlist.strings;
			sourceTree = "<group>";
		};
/* End PBXVariantGroup section */

/* Begin XCBuildConfiguration section */
		228985D6205E897600F3B722 /* Debug */ = {
			isa = XCBuildConfiguration;
			buildSettings = {
				ALWAYS_SEARCH_USER_PATHS = NO;
				CLANG_ANALYZER_LOCALIZABILITY_NONLOCALIZED = YES;
				CLANG_ANALYZER_NONNULL = YES;
				CLANG_ANALYZER_NUMBER_OBJECT_CONVERSION = YES_AGGRESSIVE;
				CLANG_CXX_LANGUAGE_STANDARD = "gnu++14";
				CLANG_CXX_LIBRARY = "libc++";
				CLANG_ENABLE_MODULES = YES;
				CLANG_ENABLE_OBJC_ARC = YES;
				CLANG_WARN_BLOCK_CAPTURE_AUTORELEASING = YES;
				CLANG_WARN_BOOL_CONVERSION = YES;
				CLANG_WARN_COMMA = YES;
				CLANG_WARN_CONSTANT_CONVERSION = YES;
				CLANG_WARN_DEPRECATED_OBJC_IMPLEMENTATIONS = YES;
				CLANG_WARN_DIRECT_OBJC_ISA_USAGE = YES_ERROR;
				CLANG_WARN_DOCUMENTATION_COMMENTS = YES;
				CLANG_WARN_EMPTY_BODY = YES;
				CLANG_WARN_ENUM_CONVERSION = YES;
				CLANG_WARN_INFINITE_RECURSION = YES;
				CLANG_WARN_INT_CONVERSION = YES;
				CLANG_WARN_NON_LITERAL_NULL_CONVERSION = YES;
				CLANG_WARN_OBJC_IMPLICIT_RETAIN_SELF = YES;
				CLANG_WARN_OBJC_LITERAL_CONVERSION = YES;
				CLANG_WARN_OBJC_ROOT_CLASS = YES_ERROR;
				CLANG_WARN_RANGE_LOOP_ANALYSIS = YES;
				CLANG_WARN_STRICT_PROTOTYPES = YES;
				CLANG_WARN_SUSPICIOUS_MOVE = YES;
				CLANG_WARN_UNGUARDED_AVAILABILITY = YES_AGGRESSIVE;
				CLANG_WARN_UNREACHABLE_CODE = YES;
				CLANG_WARN__DUPLICATE_METHOD_MATCH = YES;
				CODE_SIGN_IDENTITY = "iPhone Developer";
				COPY_PHASE_STRIP = NO;
				DEBUG_INFORMATION_FORMAT = dwarf;
				ENABLE_STRICT_OBJC_MSGSEND = YES;
				ENABLE_TESTABILITY = YES;
				GCC_C_LANGUAGE_STANDARD = gnu11;
				GCC_DYNAMIC_NO_PIC = NO;
				GCC_NO_COMMON_BLOCKS = YES;
				GCC_OPTIMIZATION_LEVEL = 0;
				GCC_PREPROCESSOR_DEFINITIONS = (
					"DEBUG=1",
					"$(inherited)",
				);
				GCC_WARN_64_TO_32_BIT_CONVERSION = YES;
				GCC_WARN_ABOUT_RETURN_TYPE = YES_ERROR;
				GCC_WARN_UNDECLARED_SELECTOR = YES;
				GCC_WARN_UNINITIALIZED_AUTOS = YES_AGGRESSIVE;
				GCC_WARN_UNUSED_FUNCTION = YES;
				GCC_WARN_UNUSED_VARIABLE = YES;
				IPHONEOS_DEPLOYMENT_TARGET = 11.3;
				MTL_ENABLE_DEBUG_INFO = YES;
				ONLY_ACTIVE_ARCH = YES;
				SDKROOT = iphoneos;
				SWIFT_ACTIVE_COMPILATION_CONDITIONS = DEBUG;
				SWIFT_OPTIMIZATION_LEVEL = "-Onone";
			};
			name = Debug;
		};
		228985D7205E897600F3B722 /* Release */ = {
			isa = XCBuildConfiguration;
			buildSettings = {
				ALWAYS_SEARCH_USER_PATHS = NO;
				CLANG_ANALYZER_LOCALIZABILITY_NONLOCALIZED = YES;
				CLANG_ANALYZER_NONNULL = YES;
				CLANG_ANALYZER_NUMBER_OBJECT_CONVERSION = YES_AGGRESSIVE;
				CLANG_CXX_LANGUAGE_STANDARD = "gnu++14";
				CLANG_CXX_LIBRARY = "libc++";
				CLANG_ENABLE_MODULES = YES;
				CLANG_ENABLE_OBJC_ARC = YES;
				CLANG_WARN_BLOCK_CAPTURE_AUTORELEASING = YES;
				CLANG_WARN_BOOL_CONVERSION = YES;
				CLANG_WARN_COMMA = YES;
				CLANG_WARN_CONSTANT_CONVERSION = YES;
				CLANG_WARN_DEPRECATED_OBJC_IMPLEMENTATIONS = YES;
				CLANG_WARN_DIRECT_OBJC_ISA_USAGE = YES_ERROR;
				CLANG_WARN_DOCUMENTATION_COMMENTS = YES;
				CLANG_WARN_EMPTY_BODY = YES;
				CLANG_WARN_ENUM_CONVERSION = YES;
				CLANG_WARN_INFINITE_RECURSION = YES;
				CLANG_WARN_INT_CONVERSION = YES;
				CLANG_WARN_NON_LITERAL_NULL_CONVERSION = YES;
				CLANG_WARN_OBJC_IMPLICIT_RETAIN_SELF = YES;
				CLANG_WARN_OBJC_LITERAL_CONVERSION = YES;
				CLANG_WARN_OBJC_ROOT_CLASS = YES_ERROR;
				CLANG_WARN_RANGE_LOOP_ANALYSIS = YES;
				CLANG_WARN_STRICT_PROTOTYPES = YES;
				CLANG_WARN_SUSPICIOUS_MOVE = YES;
				CLANG_WARN_UNGUARDED_AVAILABILITY = YES_AGGRESSIVE;
				CLANG_WARN_UNREACHABLE_CODE = YES;
				CLANG_WARN__DUPLICATE_METHOD_MATCH = YES;
				CODE_SIGN_IDENTITY = "iPhone Developer";
				COPY_PHASE_STRIP = NO;
				DEBUG_INFORMATION_FORMAT = "dwarf-with-dsym";
				ENABLE_NS_ASSERTIONS = NO;
				ENABLE_STRICT_OBJC_MSGSEND = YES;
				GCC_C_LANGUAGE_STANDARD = gnu11;
				GCC_NO_COMMON_BLOCKS = YES;
				GCC_WARN_64_TO_32_BIT_CONVERSION = YES;
				GCC_WARN_ABOUT_RETURN_TYPE = YES_ERROR;
				GCC_WARN_UNDECLARED_SELECTOR = YES;
				GCC_WARN_UNINITIALIZED_AUTOS = YES_AGGRESSIVE;
				GCC_WARN_UNUSED_FUNCTION = YES;
				GCC_WARN_UNUSED_VARIABLE = YES;
				IPHONEOS_DEPLOYMENT_TARGET = 11.3;
				MTL_ENABLE_DEBUG_INFO = NO;
				SDKROOT = iphoneos;
				SWIFT_OPTIMIZATION_LEVEL = "-Owholemodule";
				VALIDATE_PRODUCT = YES;
			};
			name = Release;
		};
		228985D9205E897600F3B722 /* Debug */ = {
			isa = XCBuildConfiguration;
			buildSettings = {
				ASSETCATALOG_COMPILER_APPICON_NAME = AppIcon;
				CODE_SIGN_STYLE = Automatic;
				DEVELOPMENT_TEAM = EQC88F8HW8;
				FRAMEWORK_SEARCH_PATHS = (
					"$(inherited)",
					"$(PROJECT_DIR)/Carthage/Build/iOS",
				);
				INFOPLIST_FILE = Basketball/Info.plist;
				IPHONEOS_DEPLOYMENT_TARGET = 11.3;
				LD_RUNPATH_SEARCH_PATHS = "$(inherited) @executable_path/Frameworks";
				PRODUCT_BUNDLE_IDENTIFIER = mxy.Basketball;
				PRODUCT_NAME = "$(TARGET_NAME)";
				SWIFT_VERSION = 4.0;
				TARGETED_DEVICE_FAMILY = "1,2";
			};
			name = Debug;
		};
		228985DA205E897600F3B722 /* Release */ = {
			isa = XCBuildConfiguration;
			buildSettings = {
				ASSETCATALOG_COMPILER_APPICON_NAME = AppIcon;
				CODE_SIGN_STYLE = Automatic;
				DEVELOPMENT_TEAM = EQC88F8HW8;
				FRAMEWORK_SEARCH_PATHS = (
					"$(inherited)",
					"$(PROJECT_DIR)/Carthage/Build/iOS",
				);
				INFOPLIST_FILE = Basketball/Info.plist;
				IPHONEOS_DEPLOYMENT_TARGET = 11.3;
				LD_RUNPATH_SEARCH_PATHS = "$(inherited) @executable_path/Frameworks";
				PRODUCT_BUNDLE_IDENTIFIER = mxy.Basketball;
				PRODUCT_NAME = "$(TARGET_NAME)";
				SWIFT_VERSION = 4.0;
				TARGETED_DEVICE_FAMILY = "1,2";
			};
			name = Release;
		};
/* End XCBuildConfiguration section */

/* Begin XCConfigurationList section */
		228985C1205E897600F3B722 /* Build configuration list for PBXProject "Basketball" */ = {
			isa = XCConfigurationList;
			buildConfigurations = (
				228985D6205E897600F3B722 /* Debug */,
				228985D7205E897600F3B722 /* Release */,
			);
			defaultConfigurationIsVisible = 0;
			defaultConfigurationName = Release;
		};
		228985D8205E897600F3B722 /* Build configuration list for PBXNativeTarget "Basketball" */ = {
			isa = XCConfigurationList;
			buildConfigurations = (
				228985D9205E897600F3B722 /* Debug */,
				228985DA205E897600F3B722 /* Release */,
			);
			defaultConfigurationIsVisible = 0;
			defaultConfigurationName = Release;
		};
/* End XCConfigurationList section */
	};
	rootObject = 228985BE205E897600F3B722 /* Project object */;
}
